
Microsoft Visual Studio Solution File, Format Version 12.00
# Visual Studio Version 16
VisualStudioVersion = 16.0.33027.164
MinimumVisualStudioVersion = 10.0.40219.1
Project("{888888A0-9F3D-457C-B088-3A5042F75D52}") = "Blockchain", "Blockchain\Blockchain.pyproj", "{2377D6DD-F00F-4FF9-93B5-68E790DF953B}"
EndProject
Global
	GlobalSection(SolutionConfigurationPlatforms) = preSolution
		Debug|Any CPU = Debug|Any CPU
		Release|Any CPU = Release|Any CPU
	EndGlobalSection
	GlobalSection(ProjectConfigurationPlatforms) = postSolution
		{2377D6DD-F00F-4FF9-93B5-68E790DF953B}.Debug|Any CPU.ActiveCfg = Debug|Any CPU
		{2377D6DD-F00F-4FF9-93B5-68E790DF953B}.Release|Any CPU.ActiveCfg = Release|Any CPU
	EndGlobalSection
	GlobalSection(SolutionProperties) = preSolution
		HideSolutionNode = FALSE
	EndGlobalSection
	GlobalSection(ExtensibilityGlobals) = postSolution
		SolutionGuid = {83D00E10-5D8D-46B6-A9D5-66A9003740B9}
	EndGlobalSection
EndGlobal
